// !$*UTF8*$!
{
	archiveVersion = 1;
	classes = {
	};
	objectVersion = 46;
	objects = {

/* Begin PBXBuildFile section */
		1E6072BF1D2145030071582C /* AppDelegate.swift in Sources */ = {isa = PBXBuildFile; fileRef = 1E6072BE1D2145030071582C /* AppDelegate.swift */; };
		1E6072C11D2145030071582C /* ViewController.swift in Sources */ = {isa = PBXBuildFile; fileRef = 1E6072C01D2145030071582C /* ViewController.swift */; };
		1E6072C41D2145030071582C /* Main.storyboard in Resources */ = {isa = PBXBuildFile; fileRef = 1E6072C21D2145030071582C /* Main.storyboard */; };
		1E6072C61D2145030071582C /* Images.xcassets in Resources */ = {isa = PBXBuildFile; fileRef = 1E6072C51D2145030071582C /* Images.xcassets */; };
		1E6072C91D2145030071582C /* LaunchScreen.xib in Resources */ = {isa = PBXBuildFile; fileRef = 1E6072C71D2145030071582C /* LaunchScreen.xib */; };
		1E6072D51D2145030071582C /* FoodTrackerTests.swift in Sources */ = {isa = PBXBuildFile; fileRef = 1E6072D41D2145030071582C /* FoodTrackerTests.swift */; };
/* End PBXBuildFile section */

/* Begin PBXContainerItemProxy section */
		1E6072CF1D2145030071582C /* PBXContainerItemProxy */ = {
			isa = PBXContainerItemProxy;
			containerPortal = 1E6072B11D2145030071582C /* Project object */;
			proxyType = 1;
			remoteGlobalIDString = 1E6072B81D2145030071582C;
			remoteInfo = FoodTracker;
		};
/* End PBXContainerItemProxy section */

/* Begin PBXFileReference section */
		1E6072B91D2145030071582C /* FoodTracker.app */ = {isa = PBXFileReference; explicitFileType = wrapper.application; includeInIndex = 0; path = FoodTracker.app; sourceTree = BUILT_PRODUCTS_DIR; };
		1E6072BD1D2145030071582C /* Info.plist */ = {isa = PBXFileReference; lastKnownFileType = text.plist.xml; path = Info.plist; sourceTree = "<group>"; };
		1E6072BE1D2145030071582C /* AppDelegate.swift */ = {isa = PBXFileReference; lastKnownFileType = sourcecode.swift; path = AppDelegate.swift; sourceTree = "<group>"; };
		1E6072C01D2145030071582C /* ViewController.swift */ = {isa = PBXFileReference; lastKnownFileType = sourcecode.swift; path = ViewController.swift; sourceTree = "<group>"; };
		1E6072C31D2145030071582C /* Base */ = {isa = PBXFileReference; lastKnownFileType = file.storyboard; name = Base; path = Base.lproj/Main.storyboard; sourceTree = "<group>"; };
		1E6072C51D2145030071582C /* Images.xcassets */ = {isa = PBXFileReference; lastKnownFileType = folder.assetcatalog; path = Images.xcassets; sourceTree = "<group>"; };
		1E6072C81D2145030071582C /* Base */ = {isa = PBXFileReference; lastKnownFileType = file.xib; name = Base; path = Base.lproj/LaunchScreen.xib; sourceTree = "<group>"; };
		1E6072CE1D2145030071582C /* FoodTrackerTests.xctest */ = {isa = PBXFileReference; explicitFileType = wrapper.cfbundle; includeInIndex = 0; path = FoodTrackerTests.xctest; sourceTree = BUILT_PRODUCTS_DIR; };
		1E6072D31D2145030071582C /* Info.plist */ = {isa = PBXFileReference; lastKnownFileType = text.plist.xml; path = Info.plist; sourceTree = "<group>"; };
		1E6072D41D2145030071582C /* FoodTrackerTests.swift */ = {isa = PBXFileReference; lastKnownFileType = sourcecode.swift; path = FoodTrackerTests.swift; sourceTree = "<group>"; };
/* End PBXFileReference section */

/* Begin PBXFrameworksBuildPhase section */
		1E6072B61D2145030071582C /* Frameworks */ = {
			isa = PBXFrameworksBuildPhase;
			buildActionMask = 2147483647;
			files = (
			);
			runOnlyForDeploymentPostprocessing = 0;
		};
		1E6072CB1D2145030071582C /* Frameworks */ = {
			isa = PBXFrameworksBuildPhase;
			buildActionMask = 2147483647;
			files = (
			);
			runOnlyForDeploymentPostprocessing = 0;
		};
/* End PBXFrameworksBuildPhase section */

/* Begin PBXGroup section */
		1E6072B01D2145030071582C = {
			isa = PBXGroup;
			children = (
				1E6072BB1D2145030071582C /* FoodTracker */,
				1E6072D11D2145030071582C /* FoodTrackerTests */,
				1E6072BA1D2145030071582C /* Products */,
			);
			sourceTree = "<group>";
		};
		1E6072BA1D2145030071582C /* Products */ = {
			isa = PBXGroup;
			children = (
				1E6072B91D2145030071582C /* FoodTracker.app */,
				1E6072CE1D2145030071582C /* FoodTrackerTests.xctest */,
			);
			name = Products;
			sourceTree = "<group>";
		};
		1E6072BB1D2145030071582C /* FoodTracker */ = {
			isa = PBXGroup;
			children = (
				1E6072BE1D2145030071582C /* AppDelegate.swift */,
				1E6072C01D2145030071582C /* ViewController.swift */,
				1E6072C21D2145030071582C /* Main.storyboard */,
				1E6072C51D2145030071582C /* Images.xcassets */,
				1E6072C71D2145030071582C /* LaunchScreen.xib */,
				1E6072BC1D2145030071582C /* Supporting Files */,
			);
			path = FoodTracker;
			sourceTree = "<group>";
		};
		1E6072BC1D2145030071582C /* Supporting Files */ = {
			isa = PBXGroup;
			children = (
				1E6072BD1D2145030071582C /* Info.plist */,
			);
			name = "Supporting Files";
			sourceTree = "<group>";
		};
		1E6072D11D2145030071582C /* FoodTrackerTests */ = {
			isa = PBXGroup;
			children = (
				1E6072D41D2145030071582C /* FoodTrackerTests.swift */,
				1E6072D21D2145030071582C /* Supporting Files */,
			);
			path = FoodTrackerTests;
			sourceTree = "<group>";
		};
		1E6072D21D2145030071582C /* Supporting Files */ = {
			isa = PBXGroup;
			children = (
				1E6072D31D2145030071582C /* Info.plist */,
			);
			name = "Supporting Files";
			sourceTree = "<group>";
		};
/* End PBXGroup section */

/* Begin PBXNativeTarget section */
		1E6072B81D2145030071582C /* FoodTracker */ = {
			isa = PBXNativeTarget;
			buildConfigurationList = 1E6072D81D2145030071582C /* Build configuration list for PBXNativeTarget "FoodTracker" */;
			buildPhases = (
				1E6072B51D2145030071582C /* Sources */,
				1E6072B61D2145030071582C /* Frameworks */,
				1E6072B71D2145030071582C /* Resources */,
			);
			buildRules = (
			);
			dependencies = (
			);
			name = FoodTracker;
			productName = FoodTracker;
			productReference = 1E6072B91D2145030071582C /* FoodTracker.app */;
			productType = "com.apple.product-type.application";
		};
		1E6072CD1D2145030071582C /* FoodTrackerTests */ = {
			isa = PBXNativeTarget;
			buildConfigurationList = 1E6072DB1D2145030071582C /* Build configuration list for PBXNativeTarget "FoodTrackerTests" */;
			buildPhases = (
				1E6072CA1D2145030071582C /* Sources */,
				1E6072CB1D2145030071582C /* Frameworks */,
				1E6072CC1D2145030071582C /* Resources */,
			);
			buildRules = (
			);
			dependencies = (
				1E6072D01D2145030071582C /* PBXTargetDependency */,
			);
			name = FoodTrackerTests;
			productName = FoodTrackerTests;
			productReference = 1E6072CE1D2145030071582C /* FoodTrackerTests.xctest */;
			productType = "com.apple.product-type.bundle.unit-test";
		};
/* End PBXNativeTarget section */

/* Begin PBXProject section */
		1E6072B11D2145030071582C /* Project object */ = {
			isa = PBXProject;
			attributes = {
				LastSwiftUpdateCheck = 0730;
				LastUpgradeCheck = 0730;
				ORGANIZATIONNAME = Borort;
				TargetAttributes = {
					1E6072B81D2145030071582C = {
						CreatedOnToolsVersion = 6.4;
					};
					1E6072CD1D2145030071582C = {
						CreatedOnToolsVersion = 6.4;
						TestTargetID = 1E6072B81D2145030071582C;
					};
				};
			};
			buildConfigurationList = 1E6072B41D2145030071582C /* Build configuration list for PBXProject "FoodTracker" */;
			compatibilityVersion = "Xcode 3.2";
			developmentRegion = English;
			hasScannedForEncodings = 0;
			knownRegions = (
				en,
				Base,
			);
			mainGroup = 1E6072B01D2145030071582C;
			productRefGroup = 1E6072BA1D2145030071582C /* Products */;
			projectDirPath = "";
			projectRoot = "";
			targets = (
				1E6072B81D2145030071582C /* FoodTracker */,
				1E6072CD1D2145030071582C /* FoodTrackerTests */,
			);
		};
/* End PBXProject section */

/* Begin PBXResourcesBuildPhase section */
		1E6072B71D2145030071582C /* Resources */ = {
			isa = PBXResourcesBuildPhase;
			buildActionMask = 2147483647;
			files = (
				1E6072C41D2145030071582C /* Main.storyboard in Resources */,
				1E6072C91D2145030071582C /* LaunchScreen.xib in Resources */,
				1E6072C61D2145030071582C /* Images.xcassets in Resources */,
			);
			runOnlyForDeploymentPostprocessing = 0;
		};
		1E6072CC1D2145030071582C /* Resources */ = {
			isa = PBXResourcesBuildPhase;
			buildActionMask = 2147483647;
			files = (
			);
			runOnlyForDeploymentPostprocessing = 0;
		};
/* End PBXResourcesBuildPhase section */

/* Begin PBXSourcesBuildPhase section */
		1E6072B51D2145030071582C /* Sources */ = {
			isa = PBXSourcesBuildPhase;
			buildActionMask = 2147483647;
			files = (
				1E6072C11D2145030071582C /* ViewController.swift in Sources */,
				1E6072BF1D2145030071582C /* AppDelegate.swift in Sources */,
			);
			runOnlyForDeploymentPostprocessing = 0;
		};
		1E6072CA1D2145030071582C /* Sources */ = {
			isa = PBXSourcesBuildPhase;
			buildActionMask = 2147483647;
			files = (
				1E6072D51D2145030071582C /* FoodTrackerTests.swift in Sources */,
			);
			runOnlyForDeploymentPostprocessing = 0;
		};
/* End PBXSourcesBuildPhase section */

/* Begin PBXTargetDependency section */
		1E6072D01D2145030071582C /* PBXTargetDependency */ = {
			isa = PBXTargetDependency;
			target = 1E6072B81D2145030071582C /* FoodTracker */;
			targetProxy = 1E6072CF1D2145030071582C /* PBXContainerItemProxy */;
		};
/* End PBXTargetDependency section */

/* Begin PBXVariantGroup section */
		1E6072C21D2145030071582C /* Main.storyboard */ = {
			isa = PBXVariantGroup;
			children = (
				1E6072C31D2145030071582C /* Base */,
			);
			name = Main.storyboard;
			sourceTree = "<group>";
		};
		1E6072C71D2145030071582C /* LaunchScreen.xib */ = {
			isa = PBXVariantGroup;
			children = (
				1E6072C81D2145030071582C /* Base */,
			);
			name = LaunchScreen.xib;
			sourceTree = "<group>";
		};
/* End PBXVariantGroup section */

/* Begin XCBuildConfiguration section */
		1E6072D61D2145030071582C /* Debug */ = {
			isa = XCBuildConfiguration;
			buildSettings = {
				ALWAYS_SEARCH_USER_PATHS = NO;
				CLANG_CXX_LANGUAGE_STANDARD = "gnu++0x";
				CLANG_CXX_LIBRARY = "libc++";
				CLANG_ENABLE_MODULES = YES;
				CLANG_ENABLE_OBJC_ARC = YES;
				CLANG_WARN_BOOL_CONVERSION = YES;
				CLANG_WARN_CONSTANT_CONVERSION = YES;
				CLANG_WARN_DIRECT_OBJC_ISA_USAGE = YES_ERROR;
				CLANG_WARN_EMPTY_BODY = YES;
				CLANG_WARN_ENUM_CONVERSION = YES;
				CLANG_WARN_INT_CONVERSION = YES;
				CLANG_WARN_OBJC_ROOT_CLASS = YES_ERROR;
				CLANG_WARN_UNREACHABLE_CODE = YES;
				CLANG_WARN__DUPLICATE_METHOD_MATCH = YES;
				"CODE_SIGN_IDENTITY[sdk=iphoneos*]" = "iPhone Developer";
				COPY_PHASE_STRIP = NO;
				DEBUG_INFORMATION_FORMAT = "dwarf-with-dsym";
				ENABLE_STRICT_OBJC_MSGSEND = YES;
				ENABLE_TESTABILITY = YES;
				GCC_C_LANGUAGE_STANDARD = gnu99;
				GCC_DYNAMIC_NO_PIC = NO;
				GCC_NO_COMMON_BLOCKS = YES;
				GCC_OPTIMIZATION_LEVEL = 0;
				GCC_PREPROCESSOR_DEFINITIONS = (
					"DEBUG=1",
					"$(inherited)",
				);
				GCC_SYMBOLS_PRIVATE_EXTERN = NO;
				GCC_WARN_64_TO_32_BIT_CONVERSION = YES;
				GCC_WARN_ABOUT_RETURN_TYPE = YES_ERROR;
				GCC_WARN_UNDECLARED_SELECTOR = YES;
				GCC_WARN_UNINITIALIZED_AUTOS = YES_AGGRESSIVE;
				GCC_WARN_UNUSED_FUNCTION = YES;
				GCC_WARN_UNUSED_VARIABLE = YES;
				IPHONEOS_DEPLOYMENT_TARGET = 9.0;
				MTL_ENABLE_DEBUG_INFO = YES;
				ONLY_ACTIVE_ARCH = YES;
				SDKROOT = iphoneos;
				SWIFT_OPTIMIZATION_LEVEL = "-Onone";
				TARGETED_DEVICE_FAMILY = "1,2";
			};
			name = Debug;
		};
		1E6072D71D2145030071582C /* Release */ = {
			isa = XCBuildConfiguration;
			buildSettings = {
				ALWAYS_SEARCH_USER_PATHS = NO;
				CLANG_CXX_LANGUAGE_STANDARD = "gnu++0x";
				CLANG_CXX_LIBRARY = "libc++";
				CLANG_ENABLE_MODULES = YES;
				CLANG_ENABLE_OBJC_ARC = YES;
				CLANG_WARN_BOOL_CONVERSION = YES;
				CLANG_WARN_CONSTANT_CONVERSION = YES;
				CLANG_WARN_DIRECT_OBJC_ISA_USAGE = YES_ERROR;
				CLANG_WARN_EMPTY_BODY = YES;
				CLANG_WARN_ENUM_CONVERSION = YES;
				CLANG_WARN_INT_CONVERSION = YES;
				CLANG_WARN_OBJC_ROOT_CLASS = YES_ERROR;
				CLANG_WARN_UNREACHABLE_CODE = YES;
				CLANG_WARN__DUPLICATE_METHOD_MATCH = YES;
				"CODE_SIGN_IDENTITY[sdk=iphoneos*]" = "iPhone Developer";
				COPY_PHASE_STRIP = NO;
				DEBUG_INFORMATION_FORMAT = "dwarf-with-dsym";
				ENABLE_NS_ASSERTIONS = NO;
				ENABLE_STRICT_OBJC_MSGSEND = YES;
				GCC_C_LANGUAGE_STANDARD = gnu99;
				GCC_NO_COMMON_BLOCKS = YES;
				GCC_WARN_64_TO_32_BIT_CONVERSION = YES;
				GCC_WARN_ABOUT_RETURN_TYPE = YES_ERROR;
				GCC_WARN_UNDECLARED_SELECTOR = YES;
				GCC_WARN_UNINITIALIZED_AUTOS = YES_AGGRESSIVE;
				GCC_WARN_UNUSED_FUNCTION = YES;
				GCC_WARN_UNUSED_VARIABLE = YES;
				IPHONEOS_DEPLOYMENT_TARGET = 9.0;
				MTL_ENABLE_DEBUG_INFO = NO;
				SDKROOT = iphoneos;
				TARGETED_DEVICE_FAMILY = "1,2";
				VALIDATE_PRODUCT = YES;
			};
			name = Release;
		};
		1E6072D91D2145030071582C /* Debug */ = {
			isa = XCBuildConfiguration;
			buildSettings = {
				ASSETCATALOG_COMPILER_APPICON_NAME = AppIcon;
				INFOPLIST_FILE = FoodTracker/Info.plist;
				LD_RUNPATH_SEARCH_PATHS = "$(inherited) @executable_path/Frameworks";
				PRODUCT_BUNDLE_IDENTIFIER = "borort.com.$(PRODUCT_NAME:rfc1034identifier)";
				PRODUCT_NAME = "$(TARGET_NAME)";
			};
			name = Debug;
		};
		1E6072DA1D2145030071582C /* Release */ = {
			isa = XCBuildConfiguration;
			buildSettings = {
				ASSETCATALOG_COMPILER_APPICON_NAME = AppIcon;
				INFOPLIST_FILE = FoodTracker/Info.plist;
				LD_RUNPATH_SEARCH_PATHS = "$(inherited) @executable_path/Frameworks";
				PRODUCT_BUNDLE_IDENTIFIER = "borort.com.$(PRODUCT_NAME:rfc1034identifier)";
				PRODUCT_NAME = "$(TARGET_NAME)";
			};
			name = Release;
		};
		1E6072DC1D2145030071582C /* Debug */ = {
			isa = XCBuildConfiguration;
			buildSettings = {
				BUNDLE_LOADER = "$(TEST_HOST)";
				FRAMEWORK_SEARCH_PATHS = (
					"$(SDKROOT)/Developer/Library/Frameworks",
					"$(inherited)",
				);
				GCC_PREPROCESSOR_DEFINITIONS = (
					"DEBUG=1",
					"$(inherited)",
				);
				INFOPLIST_FILE = FoodTrackerTests/Info.plist;
				LD_RUNPATH_SEARCH_PATHS = "$(inherited) @executable_path/Frameworks @loader_path/Frameworks";
				PRODUCT_BUNDLE_IDENTIFIER = "borort.com.$(PRODUCT_NAME:rfc1034identifier)";
				PRODUCT_NAME = "$(TARGET_NAME)";
				TEST_HOST = "$(BUILT_PRODUCTS_DIR)/FoodTracker.app/FoodTracker";
			};
			name = Debug;
		};
		1E6072DD1D2145030071582C /* Release */ = {
			isa = XCBuildConfiguration;
			buildSettings = {
				BUNDLE_LOADER = "$(TEST_HOST)";
				FRAMEWORK_SEARCH_PATHS = (
					"$(SDKROOT)/Developer/Library/Frameworks",
					"$(inherited)",
				);
				INFOPLIST_FILE = FoodTrackerTests/Info.plist;
				LD_RUNPATH_SEARCH_PATHS = "$(inherited) @executable_path/Frameworks @loader_path/Frameworks";
				PRODUCT_BUNDLE_IDENTIFIER = "borort.com.$(PRODUCT_NAME:rfc1034identifier)";
				PRODUCT_NAME = "$(TARGET_NAME)";
				TEST_HOST = "$(BUILT_PRODUCTS_DIR)/FoodTracker.app/FoodTracker";
			};
			name = Release;
		};
/* End XCBuildConfiguration section */

/* Begin XCConfigurationList section */
		1E6072B41D2145030071582C /* Build configuration list for PBXProject "FoodTracker" */ = {
			isa = XCConfigurationList;
			buildConfigurations = (
				1E6072D61D2145030071582C /* Debug */,
				1E6072D71D2145030071582C /* Release */,
			);
			defaultConfigurationIsVisible = 0;
			defaultConfigurationName = Release;
		};
		1E6072D81D2145030071582C /* Build configuration list for PBXNativeTarget "FoodTracker" */ = {
			isa = XCConfigurationList;
			buildConfigurations = (
				1E6072D91D2145030071582C /* Debug */,
				1E6072DA1D2145030071582C /* Release */,
			);
			defaultConfigurationIsVisible = 0;
			defaultConfigurationName = Release;
		};
		1E6072DB1D2145030071582C /* Build configuration list for PBXNativeTarget "FoodTrackerTests" */ = {
			isa = XCConfigurationList;
			buildConfigurations = (
				1E6072DC1D2145030071582C /* Debug */,
				1E6072DD1D2145030071582C /* Release */,
			);
			defaultConfigurationIsVisible = 0;
			defaultConfigurationName = Release;
		};
/* End XCConfigurationList section */
	};
	rootObject = 1E6072B11D2145030071582C /* Project object */;
}
